
Microsoft Visual Studio Solution File, Format Version 12.00
Project("{FAE04EC0-301F-11D3-BF4B-00C04F79EFBC}") = "TestNeuronNetwork", "TestNeuronNetwork\TestNeuronNetwork.csproj", "{E4778156-ECCB-497F-BA96-8D81432FC93A}"
EndProject
Project("{FAE04EC0-301F-11D3-BF4B-00C04F79EFBC}") = "Test", "Test\Test.csproj", "{41886D09-3FE5-486E-B2D1-E58BEF427176}"
EndProject
Global
	GlobalSection(SolutionConfigurationPlatforms) = preSolution
		Debug|Any CPU = Debug|Any CPU
		Release|Any CPU = Release|Any CPU
	EndGlobalSection
	GlobalSection(ProjectConfigurationPlatforms) = postSolution
		{E4778156-ECCB-497F-BA96-8D81432FC93A}.Debug|Any CPU.ActiveCfg = Debug|Any CPU
		{E4778156-ECCB-497F-BA96-8D81432FC93A}.Debug|Any CPU.Build.0 = Debug|Any CPU
		{E4778156-ECCB-497F-BA96-8D81432FC93A}.Release|Any CPU.ActiveCfg = Release|Any CPU
		{E4778156-ECCB-497F-BA96-8D81432FC93A}.Release|Any CPU.Build.0 = Release|Any CPU
		{41886D09-3FE5-486E-B2D1-E58BEF427176}.Debug|Any CPU.ActiveCfg = Debug|Any CPU
		{41886D09-3FE5-486E-B2D1-E58BEF427176}.Debug|Any CPU.Build.0 = Debug|Any CPU
		{41886D09-3FE5-486E-B2D1-E58BEF427176}.Release|Any CPU.ActiveCfg = Release|Any CPU
		{41886D09-3FE5-486E-B2D1-E58BEF427176}.Release|Any CPU.Build.0 = Release|Any CPU
	EndGlobalSection
EndGlobal
